// !$*UTF8*$!
{
	archiveVersion = 1;
	classes = {
	};
	objectVersion = 56;
	objects = {

/* Begin PBXBuildFile section */
		4A04666D2AC3282000877268 /* CollectionView.xib in Resources */ = {isa = PBXBuildFile; fileRef = 4A04666C2AC3282000877268 /* CollectionView.xib */; };
		4A0466982ACABC3600877268 /* DetailsViewController.swift in Sources */ = {isa = PBXBuildFile; fileRef = 4A0466972ACABC3600877268 /* DetailsViewController.swift */; };
		4A0466A02AD19F7D00877268 /* Favoris.swift in Sources */ = {isa = PBXBuildFile; fileRef = 4A04669F2AD19F7D00877268 /* Favoris.swift */; };
		4AB2E3102AC19A2D002C6ABB /* AppDelegate.swift in Sources */ = {isa = PBXBuildFile; fileRef = 4AB2E30F2AC19A2D002C6ABB /* AppDelegate.swift */; };
		4AB2E3122AC19A2D002C6ABB /* SceneDelegate.swift in Sources */ = {isa = PBXBuildFile; fileRef = 4AB2E3112AC19A2D002C6ABB /* SceneDelegate.swift */; };
		4AB2E3142AC19A2D002C6ABB /* ViewController.swift in Sources */ = {isa = PBXBuildFile; fileRef = 4AB2E3132AC19A2D002C6ABB /* ViewController.swift */; };
		4AB2E3172AC19A2D002C6ABB /* Main.storyboard in Resources */ = {isa = PBXBuildFile; fileRef = 4AB2E3152AC19A2D002C6ABB /* Main.storyboard */; };
		4AB2E31A2AC19A2D002C6ABB /* Workshop_Box_Office.xcdatamodeld in Sources */ = {isa = PBXBuildFile; fileRef = 4AB2E3182AC19A2D002C6ABB /* Workshop_Box_Office.xcdatamodeld */; };
		4AB2E31C2AC19A2E002C6ABB /* Assets.xcassets in Resources */ = {isa = PBXBuildFile; fileRef = 4AB2E31B2AC19A2E002C6ABB /* Assets.xcassets */; };
		4AB2E31F2AC19A2E002C6ABB /* LaunchScreen.storyboard in Resources */ = {isa = PBXBuildFile; fileRef = 4AB2E31D2AC19A2E002C6ABB /* LaunchScreen.storyboard */; };
/* End PBXBuildFile section */

/* Begin PBXFileReference section */
		4A04666C2AC3282000877268 /* CollectionView.xib */ = {isa = PBXFileReference; lastKnownFileType = file.xib; path = CollectionView.xib; sourceTree = "<group>"; };
		4A0466972ACABC3600877268 /* DetailsViewController.swift */ = {isa = PBXFileReference; lastKnownFileType = sourcecode.swift; path = DetailsViewController.swift; sourceTree = "<group>"; };
		4A04669F2AD19F7D00877268 /* Favoris.swift */ = {isa = PBXFileReference; lastKnownFileType = sourcecode.swift; path = Favoris.swift; sourceTree = "<group>"; };
		4AB2E30C2AC19A2D002C6ABB /* Workshop_Box_Office.app */ = {isa = PBXFileReference; explicitFileType = wrapper.application; includeInIndex = 0; path = Workshop_Box_Office.app; sourceTree = BUILT_PRODUCTS_DIR; };
		4AB2E30F2AC19A2D002C6ABB /* AppDelegate.swift */ = {isa = PBXFileReference; lastKnownFileType = sourcecode.swift; path = AppDelegate.swift; sourceTree = "<group>"; };
		4AB2E3112AC19A2D002C6ABB /* SceneDelegate.swift */ = {isa = PBXFileReference; lastKnownFileType = sourcecode.swift; path = SceneDelegate.swift; sourceTree = "<group>"; };
		4AB2E3132AC19A2D002C6ABB /* ViewController.swift */ = {isa = PBXFileReference; lastKnownFileType = sourcecode.swift; path = ViewController.swift; sourceTree = "<group>"; };
		4AB2E3162AC19A2D002C6ABB /* Base */ = {isa = PBXFileReference; lastKnownFileType = file.storyboard; name = Base; path = Base.lproj/Main.storyboard; sourceTree = "<group>"; };
		4AB2E3192AC19A2D002C6ABB /* Workshop_Box_Office.xcdatamodel */ = {isa = PBXFileReference; lastKnownFileType = wrapper.xcdatamodel; path = Workshop_Box_Office.xcdatamodel; sourceTree = "<group>"; };
		4AB2E31B2AC19A2E002C6ABB /* Assets.xcassets */ = {isa = PBXFileReference; lastKnownFileType = folder.assetcatalog; path = Assets.xcassets; sourceTree = "<group>"; };
		4AB2E31E2AC19A2E002C6ABB /* Base */ = {isa = PBXFileReference; lastKnownFileType = file.storyboard; name = Base; path = Base.lproj/LaunchScreen.storyboard; sourceTree = "<group>"; };
		4AB2E3202AC19A2E002C6ABB /* Info.plist */ = {isa = PBXFileReference; lastKnownFileType = text.plist.xml; path = Info.plist; sourceTree = "<group>"; };
/* End PBXFileReference section */

/* Begin PBXFrameworksBuildPhase section */
		4AB2E3092AC19A2D002C6ABB /* Frameworks */ = {
			isa = PBXFrameworksBuildPhase;
			buildActionMask = 2147483647;
			files = (
			);
			runOnlyForDeploymentPostprocessing = 0;
		};
/* End PBXFrameworksBuildPhase section */

/* Begin PBXGroup section */
		4AB2E3032AC19A2D002C6ABB = {
			isa = PBXGroup;
			children = (
				4AB2E30E2AC19A2D002C6ABB /* Workshop_Box_Office */,
				4AB2E30D2AC19A2D002C6ABB /* Products */,
			);
			sourceTree = "<group>";
		};
		4AB2E30D2AC19A2D002C6ABB /* Products */ = {
			isa = PBXGroup;
			children = (
				4AB2E30C2AC19A2D002C6ABB /* Workshop_Box_Office.app */,
			);
			name = Products;
			sourceTree = "<group>";
		};
		4AB2E30E2AC19A2D002C6ABB /* Workshop_Box_Office */ = {
			isa = PBXGroup;
			children = (
				4AB2E30F2AC19A2D002C6ABB /* AppDelegate.swift */,
				4AB2E3112AC19A2D002C6ABB /* SceneDelegate.swift */,
				4AB2E3132AC19A2D002C6ABB /* ViewController.swift */,
				4AB2E3152AC19A2D002C6ABB /* Main.storyboard */,
				4AB2E31B2AC19A2E002C6ABB /* Assets.xcassets */,
				4AB2E31D2AC19A2E002C6ABB /* LaunchScreen.storyboard */,
				4AB2E3202AC19A2E002C6ABB /* Info.plist */,
				4AB2E3182AC19A2D002C6ABB /* Workshop_Box_Office.xcdatamodeld */,
				4A04666C2AC3282000877268 /* CollectionView.xib */,
				4A0466972ACABC3600877268 /* DetailsViewController.swift */,
				4A04669F2AD19F7D00877268 /* Favoris.swift */,
			);
			path = Workshop_Box_Office;
			sourceTree = "<group>";
		};
/* End PBXGroup section */

/* Begin PBXNativeTarget section */
		4AB2E30B2AC19A2D002C6ABB /* Workshop_Box_Office */ = {
			isa = PBXNativeTarget;
			buildConfigurationList = 4AB2E3232AC19A2E002C6ABB /* Build configuration list for PBXNativeTarget "Workshop_Box_Office" */;
			buildPhases = (
				4AB2E3082AC19A2D002C6ABB /* Sources */,
				4AB2E3092AC19A2D002C6ABB /* Frameworks */,
				4AB2E30A2AC19A2D002C6ABB /* Resources */,
			);
			buildRules = (
			);
			dependencies = (
			);
			name = Workshop_Box_Office;
			productName = Workshop_Box_Office;
			productReference = 4AB2E30C2AC19A2D002C6ABB /* Workshop_Box_Office.app */;
			productType = "com.apple.product-type.application";
		};
/* End PBXNativeTarget section */

/* Begin PBXProject section */
		4AB2E3042AC19A2D002C6ABB /* Project object */ = {
			isa = PBXProject;
			attributes = {
				BuildIndependentTargetsInParallel = 1;
				LastSwiftUpdateCheck = 1430;
				LastUpgradeCheck = 1430;
				TargetAttributes = {
					4AB2E30B2AC19A2D002C6ABB = {
						CreatedOnToolsVersion = 14.3.1;
					};
				};
			};
			buildConfigurationList = 4AB2E3072AC19A2D002C6ABB /* Build configuration list for PBXProject "Workshop_Box_Office" */;
			compatibilityVersion = "Xcode 14.0";
			developmentRegion = en;
			hasScannedForEncodings = 0;
			knownRegions = (
				en,
				Base,
			);
			mainGroup = 4AB2E3032AC19A2D002C6ABB;
			productRefGroup = 4AB2E30D2AC19A2D002C6ABB /* Products */;
			projectDirPath = "";
			projectRoot = "";
			targets = (
				4AB2E30B2AC19A2D002C6ABB /* Workshop_Box_Office */,
			);
		};
/* End PBXProject section */

/* Begin PBXResourcesBuildPhase section */
		4AB2E30A2AC19A2D002C6ABB /* Resources */ = {
			isa = PBXResourcesBuildPhase;
			buildActionMask = 2147483647;
			files = (
				4AB2E31F2AC19A2E002C6ABB /* LaunchScreen.storyboard in Resources */,
				4AB2E31C2AC19A2E002C6ABB /* Assets.xcassets in Resources */,
				4A04666D2AC3282000877268 /* CollectionView.xib in Resources */,
				4AB2E3172AC19A2D002C6ABB /* Main.storyboard in Resources */,
			);
			runOnlyForDeploymentPostprocessing = 0;
		};
/* End PBXResourcesBuildPhase section */

/* Begin PBXSourcesBuildPhase section */
		4AB2E3082AC19A2D002C6ABB /* Sources */ = {
			isa = PBXSourcesBuildPhase;
			buildActionMask = 2147483647;
			files = (
				4AB2E31A2AC19A2D002C6ABB /* Workshop_Box_Office.xcdatamodeld in Sources */,
				4AB2E3142AC19A2D002C6ABB /* ViewController.swift in Sources */,
				4A0466A02AD19F7D00877268 /* Favoris.swift in Sources */,
				4AB2E3102AC19A2D002C6ABB /* AppDelegate.swift in Sources */,
				4AB2E3122AC19A2D002C6ABB /* SceneDelegate.swift in Sources */,
				4A0466982ACABC3600877268 /* DetailsViewController.swift in Sources */,
			);
			runOnlyForDeploymentPostprocessing = 0;
		};
/* End PBXSourcesBuildPhase section */

/* Begin PBXVariantGroup section */
		4AB2E3152AC19A2D002C6ABB /* Main.storyboard */ = {
			isa = PBXVariantGroup;
			children = (
				4AB2E3162AC19A2D002C6ABB /* Base */,
			);
			name = Main.storyboard;
			sourceTree = "<group>";
		};
		4AB2E31D2AC19A2E002C6ABB /* LaunchScreen.storyboard */ = {
			isa = PBXVariantGroup;
			children = (
				4AB2E31E2AC19A2E002C6ABB /* Base */,
			);
			name = LaunchScreen.storyboard;
			sourceTree = "<group>";
		};
/* End PBXVariantGroup section */

/* Begin XCBuildConfiguration section */
		4AB2E3212AC19A2E002C6ABB /* Debug */ = {
			isa = XCBuildConfiguration;
			buildSettings = {
				ALWAYS_SEARCH_USER_PATHS = NO;
				CLANG_ANALYZER_NONNULL = YES;
				CLANG_ANALYZER_NUMBER_OBJECT_CONVERSION = YES_AGGRESSIVE;
				CLANG_CXX_LANGUAGE_STANDARD = "gnu++20";
				CLANG_ENABLE_MODULES = YES;
				CLANG_ENABLE_OBJC_ARC = YES;
				CLANG_ENABLE_OBJC_WEAK = YES;
				CLANG_WARN_BLOCK_CAPTURE_AUTORELEASING = YES;
				CLANG_WARN_BOOL_CONVERSION = YES;
				CLANG_WARN_COMMA = YES;
				CLANG_WARN_CONSTANT_CONVERSION = YES;
				CLANG_WARN_DEPRECATED_OBJC_IMPLEMENTATIONS = YES;
				CLANG_WARN_DIRECT_OBJC_ISA_USAGE = YES_ERROR;
				CLANG_WARN_DOCUMENTATION_COMMENTS = YES;
				CLANG_WARN_EMPTY_BODY = YES;
				CLANG_WARN_ENUM_CONVERSION = YES;
				CLANG_WARN_INFINITE_RECURSION = YES;
				CLANG_WARN_INT_CONVERSION = YES;
				CLANG_WARN_NON_LITERAL_NULL_CONVERSION = YES;
				CLANG_WARN_OBJC_IMPLICIT_RETAIN_SELF = YES;
				CLANG_WARN_OBJC_LITERAL_CONVERSION = YES;
				CLANG_WARN_OBJC_ROOT_CLASS = YES_ERROR;
				CLANG_WARN_QUOTED_INCLUDE_IN_FRAMEWORK_HEADER = YES;
				CLANG_WARN_RANGE_LOOP_ANALYSIS = YES;
				CLANG_WARN_STRICT_PROTOTYPES = YES;
				CLANG_WARN_SUSPICIOUS_MOVE = YES;
				CLANG_WARN_UNGUARDED_AVAILABILITY = YES_AGGRESSIVE;
				CLANG_WARN_UNREACHABLE_CODE = YES;
				CLANG_WARN__DUPLICATE_METHOD_MATCH = YES;
				COPY_PHASE_STRIP = NO;
				DEBUG_INFORMATION_FORMAT = dwarf;
				ENABLE_STRICT_OBJC_MSGSEND = YES;
				ENABLE_TESTABILITY = YES;
				GCC_C_LANGUAGE_STANDARD = gnu11;
				GCC_DYNAMIC_NO_PIC = NO;
				GCC_NO_COMMON_BLOCKS = YES;
				GCC_OPTIMIZATION_LEVEL = 0;
				GCC_PREPROCESSOR_DEFINITIONS = (
					"DEBUG=1",
					"$(inherited)",
				);
				GCC_WARN_64_TO_32_BIT_CONVERSION = YES;
				GCC_WARN_ABOUT_RETURN_TYPE = YES_ERROR;
				GCC_WARN_UNDECLARED_SELECTOR = YES;
				GCC_WARN_UNINITIALIZED_AUTOS = YES_AGGRESSIVE;
				GCC_WARN_UNUSED_FUNCTION = YES;
				GCC_WARN_UNUSED_VARIABLE = YES;
				IPHONEOS_DEPLOYMENT_TARGET = 16.4;
				MTL_ENABLE_DEBUG_INFO = INCLUDE_SOURCE;
				MTL_FAST_MATH = YES;
				ONLY_ACTIVE_ARCH = YES;
				SDKROOT = iphoneos;
				SWIFT_ACTIVE_COMPILATION_CONDITIONS = DEBUG;
				SWIFT_OPTIMIZATION_LEVEL = "-Onone";
			};
			name = Debug;
		};
		4AB2E3222AC19A2E002C6ABB /* Release */ = {
			isa = XCBuildConfiguration;
			buildSettings = {
				ALWAYS_SEARCH_USER_PATHS = NO;
				CLANG_ANALYZER_NONNULL = YES;
				CLANG_ANALYZER_NUMBER_OBJECT_CONVERSION = YES_AGGRESSIVE;
				CLANG_CXX_LANGUAGE_STANDARD = "gnu++20";
				CLANG_ENABLE_MODULES = YES;
				CLANG_ENABLE_OBJC_ARC = YES;
				CLANG_ENABLE_OBJC_WEAK = YES;
				CLANG_WARN_BLOCK_CAPTURE_AUTORELEASING = YES;
				CLANG_WARN_BOOL_CONVERSION = YES;
				CLANG_WARN_COMMA = YES;
				CLANG_WARN_CONSTANT_CONVERSION = YES;
				CLANG_WARN_DEPRECATED_OBJC_IMPLEMENTATIONS = YES;
				CLANG_WARN_DIRECT_OBJC_ISA_USAGE = YES_ERROR;
				CLANG_WARN_DOCUMENTATION_COMMENTS = YES;
				CLANG_WARN_EMPTY_BODY = YES;
				CLANG_WARN_ENUM_CONVERSION = YES;
				CLANG_WARN_INFINITE_RECURSION = YES;
				CLANG_WARN_INT_CONVERSION = YES;
				CLANG_WARN_NON_LITERAL_NULL_CONVERSION = YES;
				CLANG_WARN_OBJC_IMPLICIT_RETAIN_SELF = YES;
				CLANG_WARN_OBJC_LITERAL_CONVERSION = YES;
				CLANG_WARN_OBJC_ROOT_CLASS = YES_ERROR;
				CLANG_WARN_QUOTED_INCLUDE_IN_FRAMEWORK_HEADER = YES;
				CLANG_WARN_RANGE_LOOP_ANALYSIS = YES;
				CLANG_WARN_STRICT_PROTOTYPES = YES;
				CLANG_WARN_SUSPICIOUS_MOVE = YES;
				CLANG_WARN_UNGUARDED_AVAILABILITY = YES_AGGRESSIVE;
				CLANG_WARN_UNREACHABLE_CODE = YES;
				CLANG_WARN__DUPLICATE_METHOD_MATCH = YES;
				COPY_PHASE_STRIP = NO;
				DEBUG_INFORMATION_FORMAT = "dwarf-with-dsym";
				ENABLE_NS_ASSERTIONS = NO;
				ENABLE_STRICT_OBJC_MSGSEND = YES;
				GCC_C_LANGUAGE_STANDARD = gnu11;
				GCC_NO_COMMON_BLOCKS = YES;
				GCC_WARN_64_TO_32_BIT_CONVERSION = YES;
				GCC_WARN_ABOUT_RETURN_TYPE = YES_ERROR;
				GCC_WARN_UNDECLARED_SELECTOR = YES;
				GCC_WARN_UNINITIALIZED_AUTOS = YES_AGGRESSIVE;
				GCC_WARN_UNUSED_FUNCTION = YES;
				GCC_WARN_UNUSED_VARIABLE = YES;
				IPHONEOS_DEPLOYMENT_TARGET = 16.4;
				MTL_ENABLE_DEBUG_INFO = NO;
				MTL_FAST_MATH = YES;
				SDKROOT = iphoneos;
				SWIFT_COMPILATION_MODE = wholemodule;
				SWIFT_OPTIMIZATION_LEVEL = "-O";
				VALIDATE_PRODUCT = YES;
			};
			name = Release;
		};
		4AB2E3242AC19A2E002C6ABB /* Debug */ = {
			isa = XCBuildConfiguration;
			buildSettings = {
				ASSETCATALOG_COMPILER_APPICON_NAME = AppIcon;
				ASSETCATALOG_COMPILER_GLOBAL_ACCENT_COLOR_NAME = AccentColor;
				CODE_SIGN_STYLE = Automatic;
				CURRENT_PROJECT_VERSION = 1;
				GENERATE_INFOPLIST_FILE = YES;
				INFOPLIST_FILE = Workshop_Box_Office/Info.plist;
				INFOPLIST_KEY_UIApplicationSupportsIndirectInputEvents = YES;
				INFOPLIST_KEY_UILaunchStoryboardName = LaunchScreen;
				INFOPLIST_KEY_UIMainStoryboardFile = Main;
				INFOPLIST_KEY_UISupportedInterfaceOrientations_iPad = "UIInterfaceOrientationPortrait UIInterfaceOrientationPortraitUpsideDown UIInterfaceOrientationLandscapeLeft UIInterfaceOrientationLandscapeRight";
				INFOPLIST_KEY_UISupportedInterfaceOrientations_iPhone = "UIInterfaceOrientationPortrait UIInterfaceOrientationLandscapeLeft UIInterfaceOrientationLandscapeRight";
				LD_RUNPATH_SEARCH_PATHS = (
					"$(inherited)",
					"@executable_path/Frameworks",
				);
				MARKETING_VERSION = 1.0;
				PRODUCT_BUNDLE_IDENTIFIER = "sim4.Workshop-Box-Office";
				PRODUCT_NAME = "$(TARGET_NAME)";
				SWIFT_EMIT_LOC_STRINGS = YES;
				SWIFT_VERSION = 5.0;
				TARGETED_DEVICE_FAMILY = "1,2";
			};
			name = Debug;
		};
		4AB2E3252AC19A2E002C6ABB /* Release */ = {
			isa = XCBuildConfiguration;
			buildSettings = {
				ASSETCATALOG_COMPILER_APPICON_NAME = AppIcon;
				ASSETCATALOG_COMPILER_GLOBAL_ACCENT_COLOR_NAME = AccentColor;
				CODE_SIGN_STYLE = Automatic;
				CURRENT_PROJECT_VERSION = 1;
				GENERATE_INFOPLIST_FILE = YES;
				INFOPLIST_FILE = Workshop_Box_Office/Info.plist;
				INFOPLIST_KEY_UIApplicationSupportsIndirectInputEvents = YES;
				INFOPLIST_KEY_UILaunchStoryboardName = LaunchScreen;
				INFOPLIST_KEY_UIMainStoryboardFile = Main;
				INFOPLIST_KEY_UISupportedInterfaceOrientations_iPad = "UIInterfaceOrientationPortrait UIInterfaceOrientationPortraitUpsideDown UIInterfaceOrientationLandscapeLeft UIInterfaceOrientationLandscapeRight";
				INFOPLIST_KEY_UISupportedInterfaceOrientations_iPhone = "UIInterfaceOrientationPortrait UIInterfaceOrientationLandscapeLeft UIInterfaceOrientationLandscapeRight";
				LD_RUNPATH_SEARCH_PATHS = (
					"$(inherited)",
					"@executable_path/Frameworks",
				);
				MARKETING_VERSION = 1.0;
				PRODUCT_BUNDLE_IDENTIFIER = "sim4.Workshop-Box-Office";
				PRODUCT_NAME = "$(TARGET_NAME)";
				SWIFT_EMIT_LOC_STRINGS = YES;
				SWIFT_VERSION = 5.0;
				TARGETED_DEVICE_FAMILY = "1,2";
			};
			name = Release;
		};
/* End XCBuildConfiguration section */

/* Begin XCConfigurationList section */
		4AB2E3072AC19A2D002C6ABB /* Build configuration list for PBXProject "Workshop_Box_Office" */ = {
			isa = XCConfigurationList;
			buildConfigurations = (
				4AB2E3212AC19A2E002C6ABB /* Debug */,
				4AB2E3222AC19A2E002C6ABB /* Release */,
			);
			defaultConfigurationIsVisible = 0;
			defaultConfigurationName = Release;
		};
		4AB2E3232AC19A2E002C6ABB /* Build configuration list for PBXNativeTarget "Workshop_Box_Office" */ = {
			isa = XCConfigurationList;
			buildConfigurations = (
				4AB2E3242AC19A2E002C6ABB /* Debug */,
				4AB2E3252AC19A2E002C6ABB /* Release */,
			);
			defaultConfigurationIsVisible = 0;
			defaultConfigurationName = Release;
		};
/* End XCConfigurationList section */

/* Begin XCVersionGroup section */
		4AB2E3182AC19A2D002C6ABB /* Workshop_Box_Office.xcdatamodeld */ = {
			isa = XCVersionGroup;
			children = (
				4AB2E3192AC19A2D002C6ABB /* Workshop_Box_Office.xcdatamodel */,
			);
			currentVersion = 4AB2E3192AC19A2D002C6ABB /* Workshop_Box_Office.xcdatamodel */;
			path = Workshop_Box_Office.xcdatamodeld;
			sourceTree = "<group>";
			versionGroupType = wrapper.xcdatamodel;
		};
/* End XCVersionGroup section */
	};
	rootObject = 4AB2E3042AC19A2D002C6ABB /* Project object */;
}
