// !$*UTF8*$!
{
	archiveVersion = 1;
	classes = {
	};
	objectVersion = 56;
	objects = {

/* Begin PBXBuildFile section */
		4A599DF92B551A1D0041FCFD /* AppDelegate.swift in Sources */ = {isa = PBXBuildFile; fileRef = 4A599DF82B551A1D0041FCFD /* AppDelegate.swift */; };
		4A599DFB2B551A1D0041FCFD /* SceneDelegate.swift in Sources */ = {isa = PBXBuildFile; fileRef = 4A599DFA2B551A1D0041FCFD /* SceneDelegate.swift */; };
		4A599DFD2B551A1D0041FCFD /* ViewController.swift in Sources */ = {isa = PBXBuildFile; fileRef = 4A599DFC2B551A1D0041FCFD /* ViewController.swift */; };
		4A599E002B551A1D0041FCFD /* Main.storyboard in Resources */ = {isa = PBXBuildFile; fileRef = 4A599DFE2B551A1D0041FCFD /* Main.storyboard */; };
		4A599E032B551A1D0041FCFD /* IOS_Examen_R.xcdatamodeld in Sources */ = {isa = PBXBuildFile; fileRef = 4A599E012B551A1D0041FCFD /* IOS_Examen_R.xcdatamodeld */; };
		4A599E052B551A1F0041FCFD /* Assets.xcassets in Resources */ = {isa = PBXBuildFile; fileRef = 4A599E042B551A1F0041FCFD /* Assets.xcassets */; };
		4A599E082B551A1F0041FCFD /* LaunchScreen.storyboard in Resources */ = {isa = PBXBuildFile; fileRef = 4A599E062B551A1F0041FCFD /* LaunchScreen.storyboard */; };
/* End PBXBuildFile section */

/* Begin PBXFileReference section */
		4A599DF52B551A1D0041FCFD /* IOS_Examen_R.app */ = {isa = PBXFileReference; explicitFileType = wrapper.application; includeInIndex = 0; path = IOS_Examen_R.app; sourceTree = BUILT_PRODUCTS_DIR; };
		4A599DF82B551A1D0041FCFD /* AppDelegate.swift */ = {isa = PBXFileReference; lastKnownFileType = sourcecode.swift; path = AppDelegate.swift; sourceTree = "<group>"; };
		4A599DFA2B551A1D0041FCFD /* SceneDelegate.swift */ = {isa = PBXFileReference; lastKnownFileType = sourcecode.swift; path = SceneDelegate.swift; sourceTree = "<group>"; };
		4A599DFC2B551A1D0041FCFD /* ViewController.swift */ = {isa = PBXFileReference; lastKnownFileType = sourcecode.swift; path = ViewController.swift; sourceTree = "<group>"; };
		4A599DFF2B551A1D0041FCFD /* Base */ = {isa = PBXFileReference; lastKnownFileType = file.storyboard; name = Base; path = Base.lproj/Main.storyboard; sourceTree = "<group>"; };
		4A599E022B551A1D0041FCFD /* IOS_Examen_R.xcdatamodel */ = {isa = PBXFileReference; lastKnownFileType = wrapper.xcdatamodel; path = IOS_Examen_R.xcdatamodel; sourceTree = "<group>"; };
		4A599E042B551A1F0041FCFD /* Assets.xcassets */ = {isa = PBXFileReference; lastKnownFileType = folder.assetcatalog; path = Assets.xcassets; sourceTree = "<group>"; };
		4A599E072B551A1F0041FCFD /* Base */ = {isa = PBXFileReference; lastKnownFileType = file.storyboard; name = Base; path = Base.lproj/LaunchScreen.storyboard; sourceTree = "<group>"; };
		4A599E092B551A1F0041FCFD /* Info.plist */ = {isa = PBXFileReference; lastKnownFileType = text.plist.xml; path = Info.plist; sourceTree = "<group>"; };
/* End PBXFileReference section */

/* Begin PBXFrameworksBuildPhase section */
		4A599DF22B551A1D0041FCFD /* Frameworks */ = {
			isa = PBXFrameworksBuildPhase;
			buildActionMask = 2147483647;
			files = (
			);
			runOnlyForDeploymentPostprocessing = 0;
		};
/* End PBXFrameworksBuildPhase section */

/* Begin PBXGroup section */
		4A599DEC2B551A1D0041FCFD = {
			isa = PBXGroup;
			children = (
				4A599DF72B551A1D0041FCFD /* IOS_Examen_R */,
				4A599DF62B551A1D0041FCFD /* Products */,
			);
			sourceTree = "<group>";
		};
		4A599DF62B551A1D0041FCFD /* Products */ = {
			isa = PBXGroup;
			children = (
				4A599DF52B551A1D0041FCFD /* IOS_Examen_R.app */,
			);
			name = Products;
			sourceTree = "<group>";
		};
		4A599DF72B551A1D0041FCFD /* IOS_Examen_R */ = {
			isa = PBXGroup;
			children = (
				4A599DF82B551A1D0041FCFD /* AppDelegate.swift */,
				4A599DFA2B551A1D0041FCFD /* SceneDelegate.swift */,
				4A599DFC2B551A1D0041FCFD /* ViewController.swift */,
				4A599DFE2B551A1D0041FCFD /* Main.storyboard */,
				4A599E042B551A1F0041FCFD /* Assets.xcassets */,
				4A599E062B551A1F0041FCFD /* LaunchScreen.storyboard */,
				4A599E092B551A1F0041FCFD /* Info.plist */,
				4A599E012B551A1D0041FCFD /* IOS_Examen_R.xcdatamodeld */,
			);
			path = IOS_Examen_R;
			sourceTree = "<group>";
		};
/* End PBXGroup section */

/* Begin PBXNativeTarget section */
		4A599DF42B551A1D0041FCFD /* IOS_Examen_R */ = {
			isa = PBXNativeTarget;
			buildConfigurationList = 4A599E0C2B551A1F0041FCFD /* Build configuration list for PBXNativeTarget "IOS_Examen_R" */;
			buildPhases = (
				4A599DF12B551A1D0041FCFD /* Sources */,
				4A599DF22B551A1D0041FCFD /* Frameworks */,
				4A599DF32B551A1D0041FCFD /* Resources */,
			);
			buildRules = (
			);
			dependencies = (
			);
			name = IOS_Examen_R;
			productName = IOS_Examen_R;
			productReference = 4A599DF52B551A1D0041FCFD /* IOS_Examen_R.app */;
			productType = "com.apple.product-type.application";
		};
/* End PBXNativeTarget section */

/* Begin PBXProject section */
		4A599DED2B551A1D0041FCFD /* Project object */ = {
			isa = PBXProject;
			attributes = {
				BuildIndependentTargetsInParallel = 1;
				LastSwiftUpdateCheck = 1430;
				LastUpgradeCheck = 1430;
				TargetAttributes = {
					4A599DF42B551A1D0041FCFD = {
						CreatedOnToolsVersion = 14.3.1;
					};
				};
			};
			buildConfigurationList = 4A599DF02B551A1D0041FCFD /* Build configuration list for PBXProject "IOS_Examen_R" */;
			compatibilityVersion = "Xcode 14.0";
			developmentRegion = en;
			hasScannedForEncodings = 0;
			knownRegions = (
				en,
				Base,
			);
			mainGroup = 4A599DEC2B551A1D0041FCFD;
			productRefGroup = 4A599DF62B551A1D0041FCFD /* Products */;
			projectDirPath = "";
			projectRoot = "";
			targets = (
				4A599DF42B551A1D0041FCFD /* IOS_Examen_R */,
			);
		};
/* End PBXProject section */

/* Begin PBXResourcesBuildPhase section */
		4A599DF32B551A1D0041FCFD /* Resources */ = {
			isa = PBXResourcesBuildPhase;
			buildActionMask = 2147483647;
			files = (
				4A599E082B551A1F0041FCFD /* LaunchScreen.storyboard in Resources */,
				4A599E052B551A1F0041FCFD /* Assets.xcassets in Resources */,
				4A599E002B551A1D0041FCFD /* Main.storyboard in Resources */,
			);
			runOnlyForDeploymentPostprocessing = 0;
		};
/* End PBXResourcesBuildPhase section */

/* Begin PBXSourcesBuildPhase section */
		4A599DF12B551A1D0041FCFD /* Sources */ = {
			isa = PBXSourcesBuildPhase;
			buildActionMask = 2147483647;
			files = (
				4A599DFD2B551A1D0041FCFD /* ViewController.swift in Sources */,
				4A599DF92B551A1D0041FCFD /* AppDelegate.swift in Sources */,
				4A599E032B551A1D0041FCFD /* IOS_Examen_R.xcdatamodeld in Sources */,
				4A599DFB2B551A1D0041FCFD /* SceneDelegate.swift in Sources */,
			);
			runOnlyForDeploymentPostprocessing = 0;
		};
/* End PBXSourcesBuildPhase section */

/* Begin PBXVariantGroup section */
		4A599DFE2B551A1D0041FCFD /* Main.storyboard */ = {
			isa = PBXVariantGroup;
			children = (
				4A599DFF2B551A1D0041FCFD /* Base */,
			);
			name = Main.storyboard;
			sourceTree = "<group>";
		};
		4A599E062B551A1F0041FCFD /* LaunchScreen.storyboard */ = {
			isa = PBXVariantGroup;
			children = (
				4A599E072B551A1F0041FCFD /* Base */,
			);
			name = LaunchScreen.storyboard;
			sourceTree = "<group>";
		};
/* End PBXVariantGroup section */

/* Begin XCBuildConfiguration section */
		4A599E0A2B551A1F0041FCFD /* Debug */ = {
			isa = XCBuildConfiguration;
			buildSettings = {
				ALWAYS_SEARCH_USER_PATHS = NO;
				CLANG_ANALYZER_NONNULL = YES;
				CLANG_ANALYZER_NUMBER_OBJECT_CONVERSION = YES_AGGRESSIVE;
				CLANG_CXX_LANGUAGE_STANDARD = "gnu++20";
				CLANG_ENABLE_MODULES = YES;
				CLANG_ENABLE_OBJC_ARC = YES;
				CLANG_ENABLE_OBJC_WEAK = YES;
				CLANG_WARN_BLOCK_CAPTURE_AUTORELEASING = YES;
				CLANG_WARN_BOOL_CONVERSION = YES;
				CLANG_WARN_COMMA = YES;
				CLANG_WARN_CONSTANT_CONVERSION = YES;
				CLANG_WARN_DEPRECATED_OBJC_IMPLEMENTATIONS = YES;
				CLANG_WARN_DIRECT_OBJC_ISA_USAGE = YES_ERROR;
				CLANG_WARN_DOCUMENTATION_COMMENTS = YES;
				CLANG_WARN_EMPTY_BODY = YES;
				CLANG_WARN_ENUM_CONVERSION = YES;
				CLANG_WARN_INFINITE_RECURSION = YES;
				CLANG_WARN_INT_CONVERSION = YES;
				CLANG_WARN_NON_LITERAL_NULL_CONVERSION = YES;
				CLANG_WARN_OBJC_IMPLICIT_RETAIN_SELF = YES;
				CLANG_WARN_OBJC_LITERAL_CONVERSION = YES;
				CLANG_WARN_OBJC_ROOT_CLASS = YES_ERROR;
				CLANG_WARN_QUOTED_INCLUDE_IN_FRAMEWORK_HEADER = YES;
				CLANG_WARN_RANGE_LOOP_ANALYSIS = YES;
				CLANG_WARN_STRICT_PROTOTYPES = YES;
				CLANG_WARN_SUSPICIOUS_MOVE = YES;
				CLANG_WARN_UNGUARDED_AVAILABILITY = YES_AGGRESSIVE;
				CLANG_WARN_UNREACHABLE_CODE = YES;
				CLANG_WARN__DUPLICATE_METHOD_MATCH = YES;
				COPY_PHASE_STRIP = NO;
				DEBUG_INFORMATION_FORMAT = dwarf;
				ENABLE_STRICT_OBJC_MSGSEND = YES;
				ENABLE_TESTABILITY = YES;
				GCC_C_LANGUAGE_STANDARD = gnu11;
				GCC_DYNAMIC_NO_PIC = NO;
				GCC_NO_COMMON_BLOCKS = YES;
				GCC_OPTIMIZATION_LEVEL = 0;
				GCC_PREPROCESSOR_DEFINITIONS = (
					"DEBUG=1",
					"$(inherited)",
				);
				GCC_WARN_64_TO_32_BIT_CONVERSION = YES;
				GCC_WARN_ABOUT_RETURN_TYPE = YES_ERROR;
				GCC_WARN_UNDECLARED_SELECTOR = YES;
				GCC_WARN_UNINITIALIZED_AUTOS = YES_AGGRESSIVE;
				GCC_WARN_UNUSED_FUNCTION = YES;
				GCC_WARN_UNUSED_VARIABLE = YES;
				IPHONEOS_DEPLOYMENT_TARGET = 16.4;
				MTL_ENABLE_DEBUG_INFO = INCLUDE_SOURCE;
				MTL_FAST_MATH = YES;
				ONLY_ACTIVE_ARCH = YES;
				SDKROOT = iphoneos;
				SWIFT_ACTIVE_COMPILATION_CONDITIONS = DEBUG;
				SWIFT_OPTIMIZATION_LEVEL = "-Onone";
			};
			name = Debug;
		};
		4A599E0B2B551A1F0041FCFD /* Release */ = {
			isa = XCBuildConfiguration;
			buildSettings = {
				ALWAYS_SEARCH_USER_PATHS = NO;
				CLANG_ANALYZER_NONNULL = YES;
				CLANG_ANALYZER_NUMBER_OBJECT_CONVERSION = YES_AGGRESSIVE;
				CLANG_CXX_LANGUAGE_STANDARD = "gnu++20";
				CLANG_ENABLE_MODULES = YES;
				CLANG_ENABLE_OBJC_ARC = YES;
				CLANG_ENABLE_OBJC_WEAK = YES;
				CLANG_WARN_BLOCK_CAPTURE_AUTORELEASING = YES;
				CLANG_WARN_BOOL_CONVERSION = YES;
				CLANG_WARN_COMMA = YES;
				CLANG_WARN_CONSTANT_CONVERSION = YES;
				CLANG_WARN_DEPRECATED_OBJC_IMPLEMENTATIONS = YES;
				CLANG_WARN_DIRECT_OBJC_ISA_USAGE = YES_ERROR;
				CLANG_WARN_DOCUMENTATION_COMMENTS = YES;
				CLANG_WARN_EMPTY_BODY = YES;
				CLANG_WARN_ENUM_CONVERSION = YES;
				CLANG_WARN_INFINITE_RECURSION = YES;
				CLANG_WARN_INT_CONVERSION = YES;
				CLANG_WARN_NON_LITERAL_NULL_CONVERSION = YES;
				CLANG_WARN_OBJC_IMPLICIT_RETAIN_SELF = YES;
				CLANG_WARN_OBJC_LITERAL_CONVERSION = YES;
				CLANG_WARN_OBJC_ROOT_CLASS = YES_ERROR;
				CLANG_WARN_QUOTED_INCLUDE_IN_FRAMEWORK_HEADER = YES;
				CLANG_WARN_RANGE_LOOP_ANALYSIS = YES;
				CLANG_WARN_STRICT_PROTOTYPES = YES;
				CLANG_WARN_SUSPICIOUS_MOVE = YES;
				CLANG_WARN_UNGUARDED_AVAILABILITY = YES_AGGRESSIVE;
				CLANG_WARN_UNREACHABLE_CODE = YES;
				CLANG_WARN__DUPLICATE_METHOD_MATCH = YES;
				COPY_PHASE_STRIP = NO;
				DEBUG_INFORMATION_FORMAT = "dwarf-with-dsym";
				ENABLE_NS_ASSERTIONS = NO;
				ENABLE_STRICT_OBJC_MSGSEND = YES;
				GCC_C_LANGUAGE_STANDARD = gnu11;
				GCC_NO_COMMON_BLOCKS = YES;
				GCC_WARN_64_TO_32_BIT_CONVERSION = YES;
				GCC_WARN_ABOUT_RETURN_TYPE = YES_ERROR;
				GCC_WARN_UNDECLARED_SELECTOR = YES;
				GCC_WARN_UNINITIALIZED_AUTOS = YES_AGGRESSIVE;
				GCC_WARN_UNUSED_FUNCTION = YES;
				GCC_WARN_UNUSED_VARIABLE = YES;
				IPHONEOS_DEPLOYMENT_TARGET = 16.4;
				MTL_ENABLE_DEBUG_INFO = NO;
				MTL_FAST_MATH = YES;
				SDKROOT = iphoneos;
				SWIFT_COMPILATION_MODE = wholemodule;
				SWIFT_OPTIMIZATION_LEVEL = "-O";
				VALIDATE_PRODUCT = YES;
			};
			name = Release;
		};
		4A599E0D2B551A1F0041FCFD /* Debug */ = {
			isa = XCBuildConfiguration;
			buildSettings = {
				ASSETCATALOG_COMPILER_APPICON_NAME = AppIcon;
				ASSETCATALOG_COMPILER_GLOBAL_ACCENT_COLOR_NAME = AccentColor;
				CODE_SIGN_STYLE = Automatic;
				CURRENT_PROJECT_VERSION = 1;
				GENERATE_INFOPLIST_FILE = YES;
				INFOPLIST_FILE = IOS_Examen_R/Info.plist;
				INFOPLIST_KEY_UIApplicationSupportsIndirectInputEvents = YES;
				INFOPLIST_KEY_UILaunchStoryboardName = LaunchScreen;
				INFOPLIST_KEY_UIMainStoryboardFile = Main;
				INFOPLIST_KEY_UISupportedInterfaceOrientations_iPad = "UIInterfaceOrientationPortrait UIInterfaceOrientationPortraitUpsideDown UIInterfaceOrientationLandscapeLeft UIInterfaceOrientationLandscapeRight";
				INFOPLIST_KEY_UISupportedInterfaceOrientations_iPhone = "UIInterfaceOrientationPortrait UIInterfaceOrientationLandscapeLeft UIInterfaceOrientationLandscapeRight";
				LD_RUNPATH_SEARCH_PATHS = (
					"$(inherited)",
					"@executable_path/Frameworks",
				);
				MARKETING_VERSION = 1.0;
				PRODUCT_BUNDLE_IDENTIFIER = "sim4.IOS-Examen-R";
				PRODUCT_NAME = "$(TARGET_NAME)";
				SWIFT_EMIT_LOC_STRINGS = YES;
				SWIFT_VERSION = 5.0;
				TARGETED_DEVICE_FAMILY = "1,2";
			};
			name = Debug;
		};
		4A599E0E2B551A1F0041FCFD /* Release */ = {
			isa = XCBuildConfiguration;
			buildSettings = {
				ASSETCATALOG_COMPILER_APPICON_NAME = AppIcon;
				ASSETCATALOG_COMPILER_GLOBAL_ACCENT_COLOR_NAME = AccentColor;
				CODE_SIGN_STYLE = Automatic;
				CURRENT_PROJECT_VERSION = 1;
				GENERATE_INFOPLIST_FILE = YES;
				INFOPLIST_FILE = IOS_Examen_R/Info.plist;
				INFOPLIST_KEY_UIApplicationSupportsIndirectInputEvents = YES;
				INFOPLIST_KEY_UILaunchStoryboardName = LaunchScreen;
				INFOPLIST_KEY_UIMainStoryboardFile = Main;
				INFOPLIST_KEY_UISupportedInterfaceOrientations_iPad = "UIInterfaceOrientationPortrait UIInterfaceOrientationPortraitUpsideDown UIInterfaceOrientationLandscapeLeft UIInterfaceOrientationLandscapeRight";
				INFOPLIST_KEY_UISupportedInterfaceOrientations_iPhone = "UIInterfaceOrientationPortrait UIInterfaceOrientationLandscapeLeft UIInterfaceOrientationLandscapeRight";
				LD_RUNPATH_SEARCH_PATHS = (
					"$(inherited)",
					"@executable_path/Frameworks",
				);
				MARKETING_VERSION = 1.0;
				PRODUCT_BUNDLE_IDENTIFIER = "sim4.IOS-Examen-R";
				PRODUCT_NAME = "$(TARGET_NAME)";
				SWIFT_EMIT_LOC_STRINGS = YES;
				SWIFT_VERSION = 5.0;
				TARGETED_DEVICE_FAMILY = "1,2";
			};
			name = Release;
		};
/* End XCBuildConfiguration section */

/* Begin XCConfigurationList section */
		4A599DF02B551A1D0041FCFD /* Build configuration list for PBXProject "IOS_Examen_R" */ = {
			isa = XCConfigurationList;
			buildConfigurations = (
				4A599E0A2B551A1F0041FCFD /* Debug */,
				4A599E0B2B551A1F0041FCFD /* Release */,
			);
			defaultConfigurationIsVisible = 0;
			defaultConfigurationName = Release;
		};
		4A599E0C2B551A1F0041FCFD /* Build configuration list for PBXNativeTarget "IOS_Examen_R" */ = {
			isa = XCConfigurationList;
			buildConfigurations = (
				4A599E0D2B551A1F0041FCFD /* Debug */,
				4A599E0E2B551A1F0041FCFD /* Release */,
			);
			defaultConfigurationIsVisible = 0;
			defaultConfigurationName = Release;
		};
/* End XCConfigurationList section */

/* Begin XCVersionGroup section */
		4A599E012B551A1D0041FCFD /* IOS_Examen_R.xcdatamodeld */ = {
			isa = XCVersionGroup;
			children = (
				4A599E022B551A1D0041FCFD /* IOS_Examen_R.xcdatamodel */,
			);
			currentVersion = 4A599E022B551A1D0041FCFD /* IOS_Examen_R.xcdatamodel */;
			path = IOS_Examen_R.xcdatamodeld;
			sourceTree = "<group>";
			versionGroupType = wrapper.xcdatamodel;
		};
/* End XCVersionGroup section */
	};
	rootObject = 4A599DED2B551A1D0041FCFD /* Project object */;
}
